{
  "version": 4,
  "terraform_version": "1.14.3",
  "serial": 236,
  "lineage": "f261aad6-b87d-a0df-929b-53779e19d659",
  "outputs": {},
  "resources": [
    {
      "module": "module.resource_groups[\"compute\"]",
      "mode": "managed",
      "type": "azurerm_resource_group",
      "name": "this",
      "provider": "provider[\"registry.terraform.io/hashicorp/azurerm\"]",
      "instances": [
        {
          "schema_version": 0,
          "attributes": {
            "id": "/subscriptions/21758fed-eae0-402e-ae25-ba3890e3ca59/resourceGroups/rg-vcp-compute-dev",
            "location": "centralindia",
            "managed_by": "",
            "name": "rg-vcp-compute-dev",
            "tags": {
              "CostCenter": "IT",
              "Environment": "dev",
              "ManagedBy": "Terraform",
              "Owner": "Ashish Sharma",
              "Project": "Volantis Cloud Platform"
            },
            "timeouts": null
          },
          "sensitive_attributes": [],
          "identity_schema_version": 0,
          "identity": {
            "name": "rg-vcp-compute-dev",
            "subscription_id": "21758fed-eae0-402e-ae25-ba3890e3ca59"
          },
          "private": "eyJlMmJmYjczMC1lY2FhLTExZTYtOGY4OC0zNDM2M2JjN2M0YzAiOnsiY3JlYXRlIjo1NDAwMDAwMDAwMDAwLCJkZWxldGUiOjU0MDAwMDAwMDAwMDAsInJlYWQiOjMwMDAwMDAwMDAwMCwidXBkYXRlIjo1NDAwMDAwMDAwMDAwfX0="
        }
      ]
    },
    {
      "module": "module.resource_groups[\"monitoring\"]",
      "mode": "managed",
      "type": "azurerm_resource_group",
      "name": "this",
      "provider": "provider[\"registry.terraform.io/hashicorp/azurerm\"]",
      "instances": [
        {
          "schema_version": 0,
          "attributes": {
            "id": "/subscriptions/21758fed-eae0-402e-ae25-ba3890e3ca59/resourceGroups/rg-vcp-monitoring-dev",
            "location": "centralindia",
            "managed_by": "",
            "name": "rg-vcp-monitoring-dev",
            "tags": {
              "CostCenter": "IT",
              "Environment": "dev",
              "ManagedBy": "Terraform",
              "Owner": "Ashish Sharma",
              "Project": "Volantis Cloud Platform"
            },
            "timeouts": null
          },
          "sensitive_attributes": [],
          "identity_schema_version": 0,
          "identity": {
            "name": "rg-vcp-monitoring-dev",
            "subscription_id": "21758fed-eae0-402e-ae25-ba3890e3ca59"
          },
          "private": "eyJlMmJmYjczMC1lY2FhLTExZTYtOGY4OC0zNDM2M2JjN2M0YzAiOnsiY3JlYXRlIjo1NDAwMDAwMDAwMDAwLCJkZWxldGUiOjU0MDAwMDAwMDAwMDAsInJlYWQiOjMwMDAwMDAwMDAwMCwidXBkYXRlIjo1NDAwMDAwMDAwMDAwfX0="
        }
      ]
    },
    {
      "module": "module.resource_groups[\"network\"]",
      "mode": "managed",
      "type": "azurerm_resource_group",
      "name": "this",
      "provider": "provider[\"registry.terraform.io/hashicorp/azurerm\"]",
      "instances": [
        {
          "schema_version": 0,
          "attributes": {
            "id": "/subscriptions/21758fed-eae0-402e-ae25-ba3890e3ca59/resourceGroups/rg-vcp-network-dev",
            "location": "centralindia",
            "managed_by": "",
            "name": "rg-vcp-network-dev",
            "tags": {
              "CostCenter": "IT",
              "Environment": "dev",
              "ManagedBy": "Terraform",
              "Owner": "Ashish Sharma",
              "Project": "Volantis Cloud Platform"
            },
            "timeouts": null
          },
          "sensitive_attributes": [],
          "identity_schema_version": 0,
          "identity": {
            "name": "rg-vcp-network-dev",
            "subscription_id": "21758fed-eae0-402e-ae25-ba3890e3ca59"
          },
          "private": "eyJlMmJmYjczMC1lY2FhLTExZTYtOGY4OC0zNDM2M2JjN2M0YzAiOnsiY3JlYXRlIjo1NDAwMDAwMDAwMDAwLCJkZWxldGUiOjU0MDAwMDAwMDAwMDAsInJlYWQiOjMwMDAwMDAwMDAwMCwidXBkYXRlIjo1NDAwMDAwMDAwMDAwfX0="
        }
      ]
    },
    {
      "module": "module.resource_groups[\"security\"]",
      "mode": "managed",
      "type": "azurerm_resource_group",
      "name": "this",
      "provider": "provider[\"registry.terraform.io/hashicorp/azurerm\"]",
      "instances": [
        {
          "schema_version": 0,
          "attributes": {
            "id": "/subscriptions/21758fed-eae0-402e-ae25-ba3890e3ca59/resourceGroups/rg-vcp-security-dev",
            "location": "centralindia",
            "managed_by": "",
            "name": "rg-vcp-security-dev",
            "tags": {
              "CostCenter": "IT",
              "Environment": "dev",
              "ManagedBy": "Terraform",
              "Owner": "Ashish Sharma",
              "Project": "Volantis Cloud Platform"
            },
            "timeouts": null
          },
          "sensitive_attributes": [],
          "identity_schema_version": 0,
          "identity": {
            "name": "rg-vcp-security-dev",
            "subscription_id": "21758fed-eae0-402e-ae25-ba3890e3ca59"
          },
          "private": "eyJlMmJmYjczMC1lY2FhLTExZTYtOGY4OC0zNDM2M2JjN2M0YzAiOnsiY3JlYXRlIjo1NDAwMDAwMDAwMDAwLCJkZWxldGUiOjU0MDAwMDAwMDAwMDAsInJlYWQiOjMwMDAwMDAwMDAwMCwidXBkYXRlIjo1NDAwMDAwMDAwMDAwfX0="
        }
      ]
    },
    {
      "module": "module.resource_groups[\"storage\"]",
      "mode": "managed",
      "type": "azurerm_resource_group",
      "name": "this",
      "provider": "provider[\"registry.terraform.io/hashicorp/azurerm\"]",
      "instances": [
        {
          "schema_version": 0,
          "attributes": {
            "id": "/subscriptions/21758fed-eae0-402e-ae25-ba3890e3ca59/resourceGroups/rg-vcp-storage-dev",
            "location": "centralindia",
            "managed_by": "",
            "name": "rg-vcp-storage-dev",
            "tags": {
              "CostCenter": "IT",
              "Environment": "dev",
              "ManagedBy": "Terraform",
              "Owner": "Ashish Sharma",
              "Project": "Volantis Cloud Platform"
            },
            "timeouts": null
          },
          "sensitive_attributes": [],
          "identity_schema_version": 0,
          "identity": {
            "name": "rg-vcp-storage-dev",
            "subscription_id": "21758fed-eae0-402e-ae25-ba3890e3ca59"
          },
          "private": "eyJlMmJmYjczMC1lY2FhLTExZTYtOGY4OC0zNDM2M2JjN2M0YzAiOnsiY3JlYXRlIjo1NDAwMDAwMDAwMDAwLCJkZWxldGUiOjU0MDAwMDAwMDAwMDAsInJlYWQiOjMwMDAwMDAwMDAwMCwidXBkYXRlIjo1NDAwMDAwMDAwMDAwfX0="
        }
      ]
    },
    {
      "module": "module.subnet",
      "mode": "managed",
      "type": "azurerm_subnet",
      "name": "this",
      "provider": "provider[\"registry.terraform.io/hashicorp/azurerm\"]",
      "instances": [
        {
          "index_key": "vm",
          "schema_version": 0,
          "attributes": {
            "address_prefixes": [
              "10.10.2.0/24"
            ],
            "default_outbound_access_enabled": true,
            "delegation": [],
            "id": "/subscriptions/21758fed-eae0-402e-ae25-ba3890e3ca59/resourceGroups/rg-vcp-network-dev/providers/Microsoft.Network/virtualNetworks/vnet-vcp-dev/subnets/snet-vm-dev",
            "ip_address_pool": [],
            "name": "snet-vm-dev",
            "private_endpoint_network_policies": "Disabled",
            "private_link_service_network_policies_enabled": true,
            "resource_group_name": "rg-vcp-network-dev",
            "service_endpoint_policy_ids": [],
            "service_endpoints": [],
            "sharing_scope": "",
            "timeouts": null,
            "virtual_network_name": "vnet-vcp-dev"
          },
          "sensitive_attributes": [],
          "identity_schema_version": 0,
          "identity": {
            "name": "snet-vm-dev",
            "resource_group_name": "rg-vcp-network-dev",
            "subscription_id": "21758fed-eae0-402e-ae25-ba3890e3ca59",
            "virtual_network_name": "vnet-vcp-dev"
          },
          "private": "eyJlMmJmYjczMC1lY2FhLTExZTYtOGY4OC0zNDM2M2JjN2M0YzAiOnsiY3JlYXRlIjoxODAwMDAwMDAwMDAwLCJkZWxldGUiOjE4MDAwMDAwMDAwMDAsInJlYWQiOjMwMDAwMDAwMDAwMCwidXBkYXRlIjoxODAwMDAwMDAwMDAwfX0=",
          "dependencies": [
            "module.resource_groups.azurerm_resource_group.this",
            "module.virtual_network.azurerm_virtual_network.this"
          ]
        }
      ]
    },
    {
      "module": "module.virtual_network",
      "mode": "managed",
      "type": "azurerm_virtual_network",
      "name": "this",
      "provider": "provider[\"registry.terraform.io/hashicorp/azurerm\"]",
      "instances": [
        {
          "schema_version": 0,
          "attributes": {
            "address_space": [
              "10.10.0.0/16"
            ],
            "bgp_community": "",
            "ddos_protection_plan": [],
            "dns_servers": [],
            "edge_zone": "",
            "encryption": [],
            "flow_timeout_in_minutes": 0,
            "guid": "c8587c14-6e8a-46b5-a240-bcf7c1893f4a",
            "id": "/subscriptions/21758fed-eae0-402e-ae25-ba3890e3ca59/resourceGroups/rg-vcp-network-dev/providers/Microsoft.Network/virtualNetworks/vnet-vcp-dev",
            "ip_address_pool": [],
            "location": "centralindia",
            "name": "vnet-vcp-dev",
            "private_endpoint_vnet_policies": "Disabled",
            "resource_group_name": "rg-vcp-network-dev",
            "subnet": [
              {
                "address_prefixes": [
                  "10.10.2.0/24"
                ],
                "default_outbound_access_enabled": true,
                "delegation": [],
                "id": "/subscriptions/21758fed-eae0-402e-ae25-ba3890e3ca59/resourceGroups/rg-vcp-network-dev/providers/Microsoft.Network/virtualNetworks/vnet-vcp-dev/subnets/snet-vm-dev",
                "name": "snet-vm-dev",
                "private_endpoint_network_policies": "Disabled",
                "private_link_service_network_policies_enabled": true,
                "route_table_id": "",
                "security_group": "",
                "service_endpoint_policy_ids": [],
                "service_endpoints": []
              }
            ],
            "tags": {
              "CostCenter": "IT",
              "Environment": "dev",
              "ManagedBy": "Terraform",
              "Owner": "Ashish Sharma",
              "Project": "Volantis Cloud Platform"
            },
            "timeouts": null
          },
          "sensitive_attributes": [],
          "identity_schema_version": 0,
          "identity": {
            "name": "vnet-vcp-dev",
            "resource_group_name": "rg-vcp-network-dev",
            "subscription_id": "21758fed-eae0-402e-ae25-ba3890e3ca59"
          },
          "private": "eyJlMmJmYjczMC1lY2FhLTExZTYtOGY4OC0zNDM2M2JjN2M0YzAiOnsiY3JlYXRlIjoxODAwMDAwMDAwMDAwLCJkZWxldGUiOjE4MDAwMDAwMDAwMDAsInJlYWQiOjMwMDAwMDAwMDAwMCwidXBkYXRlIjoxODAwMDAwMDAwMDAwfX0=",
          "dependencies": [
            "module.resource_groups.azurerm_resource_group.this"
          ]
        }
      ]
    }
  ],
  "check_results": null
}
